
Microsoft Visual Studio Solution File, Format Version 12.00
# Visual Studio 15
VisualStudioVersion = 15.0.28307.902
MinimumVisualStudioVersion = 10.0.40219.1
Project("{FAE04EC0-301F-11D3-BF4B-00C04F79EFBC}") = "MultiThreaded-ThreadSafeDataStructuresInCSharp", "MultiThreaded-ThreadSafeDataStructuresInCSharp\MultiThreaded-ThreadSafeDataStructuresInCSharp.csproj", "{4BBC741F-DDC9-4050-945A-1A281F352A7C}"
EndProject
Global
	GlobalSection(SolutionConfigurationPlatforms) = preSolution
		Debug|Any CPU = Debug|Any CPU
		Release|Any CPU = Release|Any CPU
	EndGlobalSection
	GlobalSection(ProjectConfigurationPlatforms) = postSolution
		{4BBC741F-DDC9-4050-945A-1A281F352A7C}.Debug|Any CPU.ActiveCfg = Debug|Any CPU
		{4BBC741F-DDC9-4050-945A-1A281F352A7C}.Debug|Any CPU.Build.0 = Debug|Any CPU
		{4BBC741F-DDC9-4050-945A-1A281F352A7C}.Release|Any CPU.ActiveCfg = Release|Any CPU
		{4BBC741F-DDC9-4050-945A-1A281F352A7C}.Release|Any CPU.Build.0 = Release|Any CPU
	EndGlobalSection
	GlobalSection(SolutionProperties) = preSolution
		HideSolutionNode = FALSE
	EndGlobalSection
	GlobalSection(ExtensibilityGlobals) = postSolution
		SolutionGuid = {F8B3C705-F708-42D5-85E5-87354D0196A3}
	EndGlobalSection
EndGlobal
